
Microsoft Visual Studio Solution File, Format Version 12.00
Project("{2150E333-8FDC-42A3-9474-1A3956D46DE8}") = "Solution Items", "Solution Items", "{37C71917-68E7-45EF-9737-FC342A867D3E}"
	ProjectSection(SolutionItems) = preProject
		compose.yaml = compose.yaml
	EndProjectSection
EndProject
Project("{FAE04EC0-301F-11D3-BF4B-00C04F79EFBC}") = "DamiFYP.HealthCheck", "DamiFYP.HealthCheck\DamiFYP.HealthCheck.csproj", "{408EC697-9E54-430A-AC4B-42403AD8D45E}"
EndProject
Project("{2150E333-8FDC-42A3-9474-1A3956D46DE8}") = "Common", "Common", "{32BFC814-4735-4C30-8788-9C0CD2B56E7B}"
EndProject
Project("{FAE04EC0-301F-11D3-BF4B-00C04F79EFBC}") = "DamiFYP.Common", "DamiFYP.Common\DamiFYP.Common.csproj", "{BF12500F-F9FB-4959-B79A-77204B394E29}"
EndProject
Project("{2150E333-8FDC-42A3-9474-1A3956D46DE8}") = "Presentation", "Presentation", "{977427BE-D3E3-4D52-8E8C-7D07C2A2A667}"
EndProject
Project("{FAE04EC0-301F-11D3-BF4B-00C04F79EFBC}") = "DamiFYP", "DamiFYP\DamiFYP.csproj", "{2BF2BD0E-9956-47F7-B2B3-085721CACDE5}"
EndProject
Project("{2150E333-8FDC-42A3-9474-1A3956D46DE8}") = "Core", "Core", "{A0F3643D-14D2-4934-838E-95E4C8ECC49B}"
EndProject
Project("{FAE04EC0-301F-11D3-BF4B-00C04F79EFBC}") = "DamiFYP.Application", "DamiFYP.Application\DamiFYP.Application.csproj", "{DEAD5DCB-7198-49A5-BDB8-50C9B1BAB7D3}"
EndProject
Project("{FAE04EC0-301F-11D3-BF4B-00C04F79EFBC}") = "DamiFYP.Domain", "DamiFYP.Domain\DamiFYP.Domain.csproj", "{1EE744AE-DD12-4688-B045-C32DD87C705F}"
EndProject
Project("{2150E333-8FDC-42A3-9474-1A3956D46DE8}") = "Persistence", "Persistence", "{BA2A0C72-0D00-4C73-833A-59B0C16DC506}"
EndProject
Project("{FAE04EC0-301F-11D3-BF4B-00C04F79EFBC}") = "DamiFYP.Persistence", "DamiFYP.Persistence\DamiFYP.Persistence.csproj", "{7B5D06B1-E097-4696-975E-C5D6F24E7922}"
EndProject
Project("{FAE04EC0-301F-11D3-BF4B-00C04F79EFBC}") = "DamiFYP.Infrastructure", "DamiFYP.Infrastructure\DamiFYP.Infrastructure.csproj", "{4ABC1516-3248-4EA5-904B-B8BCA3B056CF}"
EndProject
Global
	GlobalSection(SolutionConfigurationPlatforms) = preSolution
		Debug|Any CPU = Debug|Any CPU
		Release|Any CPU = Release|Any CPU
	EndGlobalSection
	GlobalSection(ProjectConfigurationPlatforms) = postSolution
		{408EC697-9E54-430A-AC4B-42403AD8D45E}.Debug|Any CPU.ActiveCfg = Debug|Any CPU
		{408EC697-9E54-430A-AC4B-42403AD8D45E}.Debug|Any CPU.Build.0 = Debug|Any CPU
		{408EC697-9E54-430A-AC4B-42403AD8D45E}.Release|Any CPU.ActiveCfg = Release|Any CPU
		{408EC697-9E54-430A-AC4B-42403AD8D45E}.Release|Any CPU.Build.0 = Release|Any CPU
		{BF12500F-F9FB-4959-B79A-77204B394E29}.Debug|Any CPU.ActiveCfg = Debug|Any CPU
		{BF12500F-F9FB-4959-B79A-77204B394E29}.Debug|Any CPU.Build.0 = Debug|Any CPU
		{BF12500F-F9FB-4959-B79A-77204B394E29}.Release|Any CPU.ActiveCfg = Release|Any CPU
		{BF12500F-F9FB-4959-B79A-77204B394E29}.Release|Any CPU.Build.0 = Release|Any CPU
		{2BF2BD0E-9956-47F7-B2B3-085721CACDE5}.Debug|Any CPU.ActiveCfg = Debug|Any CPU
		{2BF2BD0E-9956-47F7-B2B3-085721CACDE5}.Debug|Any CPU.Build.0 = Debug|Any CPU
		{2BF2BD0E-9956-47F7-B2B3-085721CACDE5}.Release|Any CPU.ActiveCfg = Release|Any CPU
		{2BF2BD0E-9956-47F7-B2B3-085721CACDE5}.Release|Any CPU.Build.0 = Release|Any CPU
		{DEAD5DCB-7198-49A5-BDB8-50C9B1BAB7D3}.Debug|Any CPU.ActiveCfg = Debug|Any CPU
		{DEAD5DCB-7198-49A5-BDB8-50C9B1BAB7D3}.Debug|Any CPU.Build.0 = Debug|Any CPU
		{DEAD5DCB-7198-49A5-BDB8-50C9B1BAB7D3}.Release|Any CPU.ActiveCfg = Release|Any CPU
		{DEAD5DCB-7198-49A5-BDB8-50C9B1BAB7D3}.Release|Any CPU.Build.0 = Release|Any CPU
		{1EE744AE-DD12-4688-B045-C32DD87C705F}.Debug|Any CPU.ActiveCfg = Debug|Any CPU
		{1EE744AE-DD12-4688-B045-C32DD87C705F}.Debug|Any CPU.Build.0 = Debug|Any CPU
		{1EE744AE-DD12-4688-B045-C32DD87C705F}.Release|Any CPU.ActiveCfg = Release|Any CPU
		{1EE744AE-DD12-4688-B045-C32DD87C705F}.Release|Any CPU.Build.0 = Release|Any CPU
		{7B5D06B1-E097-4696-975E-C5D6F24E7922}.Debug|Any CPU.ActiveCfg = Debug|Any CPU
		{7B5D06B1-E097-4696-975E-C5D6F24E7922}.Debug|Any CPU.Build.0 = Debug|Any CPU
		{7B5D06B1-E097-4696-975E-C5D6F24E7922}.Release|Any CPU.ActiveCfg = Release|Any CPU
		{7B5D06B1-E097-4696-975E-C5D6F24E7922}.Release|Any CPU.Build.0 = Release|Any CPU
		{4ABC1516-3248-4EA5-904B-B8BCA3B056CF}.Debug|Any CPU.ActiveCfg = Debug|Any CPU
		{4ABC1516-3248-4EA5-904B-B8BCA3B056CF}.Debug|Any CPU.Build.0 = Debug|Any CPU
		{4ABC1516-3248-4EA5-904B-B8BCA3B056CF}.Release|Any CPU.ActiveCfg = Release|Any CPU
		{4ABC1516-3248-4EA5-904B-B8BCA3B056CF}.Release|Any CPU.Build.0 = Release|Any CPU
	EndGlobalSection
	GlobalSection(NestedProjects) = preSolution
		{BF12500F-F9FB-4959-B79A-77204B394E29} = {32BFC814-4735-4C30-8788-9C0CD2B56E7B}
		{2BF2BD0E-9956-47F7-B2B3-085721CACDE5} = {977427BE-D3E3-4D52-8E8C-7D07C2A2A667}
		{DEAD5DCB-7198-49A5-BDB8-50C9B1BAB7D3} = {A0F3643D-14D2-4934-838E-95E4C8ECC49B}
		{1EE744AE-DD12-4688-B045-C32DD87C705F} = {A0F3643D-14D2-4934-838E-95E4C8ECC49B}
		{7B5D06B1-E097-4696-975E-C5D6F24E7922} = {BA2A0C72-0D00-4C73-833A-59B0C16DC506}
		{4ABC1516-3248-4EA5-904B-B8BCA3B056CF} = {BA2A0C72-0D00-4C73-833A-59B0C16DC506}
	EndGlobalSection
EndGlobal
